
Microsoft Visual Studio Solution File, Format Version 12.00
# Visual Studio 15
VisualStudioVersion = 15.0.27130.2010
MinimumVisualStudioVersion = 10.0.40219.1
Project("{9A19103F-16F7-4668-BE54-9A1E7A4F7556}") = "StoreApp.Web", "StoreApp.Web\StoreApp.Web.csproj", "{268B7A3A-2318-4D8F-9A49-2F91395B7347}"
EndProject
Project("{9A19103F-16F7-4668-BE54-9A1E7A4F7556}") = "StoreApp.Domain.Repository", "StoreApp.Domain.Repository\StoreApp.Domain.Repository.csproj", "{11CA03CB-B7B6-447C-B082-9DA0D7F09895}"
EndProject
Project("{9A19103F-16F7-4668-BE54-9A1E7A4F7556}") = "StoreApp.Domain.Entity", "StoreApp.Domain.Entity\StoreApp.Domain.Entity.csproj", "{FC24F821-40AB-478A-8326-0CE559714116}"
EndProject
Project("{2150E333-8FDC-42A3-9474-1A3956D46DE8}") = "1 - Web", "1 - Web", "{B78AF7FF-A260-4BC4-BE7B-2C5B78092DF8}"
EndProject
Project("{2150E333-8FDC-42A3-9474-1A3956D46DE8}") = "2 - Domain", "2 - Domain", "{1A354AA4-3120-42AE-935B-12283CCA70D5}"
EndProject
Project("{2150E333-8FDC-42A3-9474-1A3956D46DE8}") = "3 - Infra", "3 - Infra", "{251D3697-075B-491B-A2F5-976F6032E0B4}"
EndProject
Project("{9A19103F-16F7-4668-BE54-9A1E7A4F7556}") = "StoreApp.Infra", "StoreApp.Infra\StoreApp.Infra.csproj", "{D618C65C-74D2-496E-8456-5765857896A1}"
EndProject
Project("{9A19103F-16F7-4668-BE54-9A1E7A4F7556}") = "StoreApp.Domain.Map", "StoreApp.Domain.Map\StoreApp.Domain.Map.csproj", "{3994006A-1D6F-412F-AC67-84219A97AD4D}"
EndProject
Global
	GlobalSection(SolutionConfigurationPlatforms) = preSolution
		Debug|Any CPU = Debug|Any CPU
		Release|Any CPU = Release|Any CPU
	EndGlobalSection
	GlobalSection(ProjectConfigurationPlatforms) = postSolution
		{268B7A3A-2318-4D8F-9A49-2F91395B7347}.Debug|Any CPU.ActiveCfg = Debug|Any CPU
		{268B7A3A-2318-4D8F-9A49-2F91395B7347}.Debug|Any CPU.Build.0 = Debug|Any CPU
		{268B7A3A-2318-4D8F-9A49-2F91395B7347}.Release|Any CPU.ActiveCfg = Release|Any CPU
		{268B7A3A-2318-4D8F-9A49-2F91395B7347}.Release|Any CPU.Build.0 = Release|Any CPU
		{11CA03CB-B7B6-447C-B082-9DA0D7F09895}.Debug|Any CPU.ActiveCfg = Debug|Any CPU
		{11CA03CB-B7B6-447C-B082-9DA0D7F09895}.Debug|Any CPU.Build.0 = Debug|Any CPU
		{11CA03CB-B7B6-447C-B082-9DA0D7F09895}.Release|Any CPU.ActiveCfg = Release|Any CPU
		{11CA03CB-B7B6-447C-B082-9DA0D7F09895}.Release|Any CPU.Build.0 = Release|Any CPU
		{FC24F821-40AB-478A-8326-0CE559714116}.Debug|Any CPU.ActiveCfg = Debug|Any CPU
		{FC24F821-40AB-478A-8326-0CE559714116}.Debug|Any CPU.Build.0 = Debug|Any CPU
		{FC24F821-40AB-478A-8326-0CE559714116}.Release|Any CPU.ActiveCfg = Release|Any CPU
		{FC24F821-40AB-478A-8326-0CE559714116}.Release|Any CPU.Build.0 = Release|Any CPU
		{D618C65C-74D2-496E-8456-5765857896A1}.Debug|Any CPU.ActiveCfg = Debug|Any CPU
		{D618C65C-74D2-496E-8456-5765857896A1}.Debug|Any CPU.Build.0 = Debug|Any CPU
		{D618C65C-74D2-496E-8456-5765857896A1}.Release|Any CPU.ActiveCfg = Release|Any CPU
		{D618C65C-74D2-496E-8456-5765857896A1}.Release|Any CPU.Build.0 = Release|Any CPU
		{3994006A-1D6F-412F-AC67-84219A97AD4D}.Debug|Any CPU.ActiveCfg = Debug|Any CPU
		{3994006A-1D6F-412F-AC67-84219A97AD4D}.Debug|Any CPU.Build.0 = Debug|Any CPU
		{3994006A-1D6F-412F-AC67-84219A97AD4D}.Release|Any CPU.ActiveCfg = Release|Any CPU
		{3994006A-1D6F-412F-AC67-84219A97AD4D}.Release|Any CPU.Build.0 = Release|Any CPU
	EndGlobalSection
	GlobalSection(SolutionProperties) = preSolution
		HideSolutionNode = FALSE
	EndGlobalSection
	GlobalSection(NestedProjects) = preSolution
		{268B7A3A-2318-4D8F-9A49-2F91395B7347} = {B78AF7FF-A260-4BC4-BE7B-2C5B78092DF8}
		{11CA03CB-B7B6-447C-B082-9DA0D7F09895} = {1A354AA4-3120-42AE-935B-12283CCA70D5}
		{FC24F821-40AB-478A-8326-0CE559714116} = {1A354AA4-3120-42AE-935B-12283CCA70D5}
		{D618C65C-74D2-496E-8456-5765857896A1} = {251D3697-075B-491B-A2F5-976F6032E0B4}
		{3994006A-1D6F-412F-AC67-84219A97AD4D} = {1A354AA4-3120-42AE-935B-12283CCA70D5}
	EndGlobalSection
	GlobalSection(ExtensibilityGlobals) = postSolution
		SolutionGuid = {F3EB7390-E969-4788-8DCA-40261A39AFA8}
	EndGlobalSection
EndGlobal
